
Microsoft Visual Studio Solution File, Format Version 12.00
# Visual Studio Version 17
VisualStudioVersion = 17.11.35219.272
MinimumVisualStudioVersion = 10.0.40219.1
Project("{FAE04EC0-301F-11D3-BF4B-00C04F79EFBC}") = "PaluGada", "PaluGada\PaluGada.csproj", "{B77CB9D5-6771-445D-8B0C-FA2D51518364}"
EndProject
Global
	GlobalSection(SolutionConfigurationPlatforms) = preSolution
		Debug|Any CPU = Debug|Any CPU
		Release|Any CPU = Release|Any CPU
	EndGlobalSection
	GlobalSection(ProjectConfigurationPlatforms) = postSolution
		{B77CB9D5-6771-445D-8B0C-FA2D51518364}.Debug|Any CPU.ActiveCfg = Debug|Any CPU
		{B77CB9D5-6771-445D-8B0C-FA2D51518364}.Debug|Any CPU.Build.0 = Debug|Any CPU
		{B77CB9D5-6771-445D-8B0C-FA2D51518364}.Release|Any CPU.ActiveCfg = Release|Any CPU
		{B77CB9D5-6771-445D-8B0C-FA2D51518364}.Release|Any CPU.Build.0 = Release|Any CPU
	EndGlobalSection
	GlobalSection(SolutionProperties) = preSolution
		HideSolutionNode = FALSE
	EndGlobalSection
	GlobalSection(ExtensibilityGlobals) = postSolution
		SolutionGuid = {33E69491-C903-4FF2-A411-D99999C250AC}
	EndGlobalSection
EndGlobal
